{
  "name": "dmx-fedwiki",
  "version": "1.0.0",
  "lockfileVersion": 3,
  "requires": true,
  "packages": {
    "": {
      "name": "dmx-fedwiki",
      "version": "1.0.0",
      "license": "ISC",
      "dependencies": {
        "minisearch": "^7.1.2",
        "wiki-client": "^0.31.1"
      }
    },
    "node_modules/async": {
      "version": "3.2.6",
      "resolved": "https://registry.npmjs.org/async/-/async-3.2.6.tgz",
      "integrity": "sha512-htCUDlxyyCLMgaM3xXg0C0LW2xqfuQ6p05pCEIsXuyQ+a1koYKTuBMzRNwmybfLgvJDMd0r1LTn4+E0Ti6C2AA==",
      "license": "MIT"
    },
    "node_modules/immediate": {
      "version": "3.0.6",
      "resolved": "https://registry.npmjs.org/immediate/-/immediate-3.0.6.tgz",
      "integrity": "sha512-XXOFtyqDjNDAQxVfYxuF7g9Il/IbWmmlQg2MYKOH8ExIT1qg6xc4zyS3HaEEATgs1btfzxq15ciUiY7gjSXRGQ==",
      "license": "MIT"
    },
    "node_modules/lie": {
      "version": "3.1.1",
      "resolved": "https://registry.npmjs.org/lie/-/lie-3.1.1.tgz",
      "integrity": "sha512-RiNhHysUjhrDQntfYSfY4MU24coXXdEOgw9WGcKHNeEwffDYbF//u87M1EWaMGzuFoSbqW0C9C6lEEhDOAswfw==",
      "license": "MIT",
      "dependencies": {
        "immediate": "~3.0.5"
      }
    },
    "node_modules/localforage": {
      "version": "1.10.0",
      "resolved": "https://registry.npmjs.org/localforage/-/localforage-1.10.0.tgz",
      "integrity": "sha512-14/H1aX7hzBBmmh7sGPd+AOMkkIrHM3Z1PAyGgZigA1H1p5O5ANnMyWzvpAETtG68/dC4pC0ncy3+PPGzXZHPg==",
      "license": "Apache-2.0",
      "dependencies": {
        "lie": "3.1.1"
      }
    },
    "node_modules/minisearch": {
      "version": "7.1.2",
      "resolved": "https://registry.npmjs.org/minisearch/-/minisearch-7.1.2.tgz",
      "integrity": "sha512-R1Pd9eF+MD5JYDDSPAp/q1ougKglm14uEkPMvQ/05RGmx6G9wvmLTrTI/Q5iPNJLYqNdsDQ7qTGIcNWR+FrHmA==",
      "license": "MIT"
    },
    "node_modules/underscore": {
      "version": "1.13.7",
      "resolved": "https://registry.npmjs.org/underscore/-/underscore-1.13.7.tgz",
      "integrity": "sha512-GMXzWtsc57XAtguZgaQViUOzs0KTkk8ojr3/xAxXLITqf/3EMwxC0inyETfDFjH/Krbhuep0HNbbjI9i/q3F3g==",
      "license": "MIT"
    },
    "node_modules/wiki-client": {
      "version": "0.31.1",
      "resolved": "https://registry.npmjs.org/wiki-client/-/wiki-client-0.31.1.tgz",
      "integrity": "sha512-xeLC/ya0GxiMaCPHavW+FPrFkN4kl8hmJZpvCGNNla6o4O1t+RU+mCmhjraGbkSjjAOyoivToylT9fOqwKTYuw==",
      "license": "MIT",
      "dependencies": {
        "async": "^3.2.1",
        "localforage": "^1.7.3",
        "underscore": "^1.13.6"
      },
      "engines": {
        "node": ">=18.x"
      }
    }
  }
}
